
Microsoft Visual Studio Solution File, Format Version 12.00
Project("{FAE04EC0-301F-11D3-BF4B-00C04F79EFBC}") = "week-10", "week-10\week-10.csproj", "{3276E016-F6B5-4E47-8CF2-4533D7C2234D}"
EndProject
Global
	GlobalSection(SolutionConfigurationPlatforms) = preSolution
		Debug|Any CPU = Debug|Any CPU
		Release|Any CPU = Release|Any CPU
	EndGlobalSection
	GlobalSection(ProjectConfigurationPlatforms) = postSolution
		{3276E016-F6B5-4E47-8CF2-4533D7C2234D}.Debug|Any CPU.ActiveCfg = Debug|Any CPU
		{3276E016-F6B5-4E47-8CF2-4533D7C2234D}.Debug|Any CPU.Build.0 = Debug|Any CPU
		{3276E016-F6B5-4E47-8CF2-4533D7C2234D}.Release|Any CPU.ActiveCfg = Release|Any CPU
		{3276E016-F6B5-4E47-8CF2-4533D7C2234D}.Release|Any CPU.Build.0 = Release|Any CPU
	EndGlobalSection
EndGlobal
